// !$*UTF8*$!
{
	archiveVersion = 1;
	classes = {
	};
	objectVersion = 46;
	objects = {

/* Begin PBXBuildFile section */
		652A13782138938C00BB34F7 /* LinkingObjectTests.swift in Sources */ = {isa = PBXBuildFile; fileRef = 652A13772138938C00BB34F7 /* LinkingObjectTests.swift */; };
		653CC0612215F62B00CFC0A0 /* Test2Object.swift in Sources */ = {isa = PBXBuildFile; fileRef = 653CC0602215F62B00CFC0A0 /* Test2Object.swift */; };
		6545209F20A3743D005362FD /* PredicateBuilderTests.swift in Sources */ = {isa = PBXBuildFile; fileRef = 6545209E20A3743D005362FD /* PredicateBuilderTests.swift */; };
		65849694211C590A00D5119A /* PredicatePropertyTests.swift in Sources */ = {isa = PBXBuildFile; fileRef = 65849693211C590A00D5119A /* PredicatePropertyTests.swift */; };
		65849696211C598C00D5119A /* BasicComparisonQueryTests.swift in Sources */ = {isa = PBXBuildFile; fileRef = 65849695211C598C00D5119A /* BasicComparisonQueryTests.swift */; };
		65849699211C5C6C00D5119A /* StringComparisonQueryTests.swift in Sources */ = {isa = PBXBuildFile; fileRef = 65849698211C5C6C00D5119A /* StringComparisonQueryTests.swift */; };
		6584969B211C5F0400D5119A /* BoolPredicatePropertyTests.swift in Sources */ = {isa = PBXBuildFile; fileRef = 6584969A211C5F0400D5119A /* BoolPredicatePropertyTests.swift */; };
		6584969D211C5FE200D5119A /* ObjectPropertyTests.swift in Sources */ = {isa = PBXBuildFile; fileRef = 6584969C211C5FE200D5119A /* ObjectPropertyTests.swift */; };
		658496A0211C602F00D5119A /* CollectionPropertyTests.swift in Sources */ = {isa = PBXBuildFile; fileRef = 6584969F211C602F00D5119A /* CollectionPropertyTests.swift */; };
		658496A2211C618100D5119A /* SubqueryPropertyTests.swift in Sources */ = {isa = PBXBuildFile; fileRef = 658496A1211C618100D5119A /* SubqueryPropertyTests.swift */; };
		65AAA965215C002700DCB3BE /* PredicateFlow.generated.swift in Sources */ = {isa = PBXBuildFile; fileRef = 65AAA964215C002600DCB3BE /* PredicateFlow.generated.swift */; };
		65E11DE02126D8880029FB3E /* SortDescriptorTests.swift in Sources */ = {isa = PBXBuildFile; fileRef = 65E11DDF2126D8880029FB3E /* SortDescriptorTests.swift */; };
		65E11DE42126D9960029FB3E /* TestObject.swift in Sources */ = {isa = PBXBuildFile; fileRef = 65E11DE32126D9960029FB3E /* TestObject.swift */; };
		65E11DE62126DAAD0029FB3E /* PredicateFlowRealmBaseTests.swift in Sources */ = {isa = PBXBuildFile; fileRef = 65E11DE52126DAAD0029FB3E /* PredicateFlowRealmBaseTests.swift */; };
		65E11DE82126DDD10029FB3E /* ResultsTests.swift in Sources */ = {isa = PBXBuildFile; fileRef = 65E11DE72126DDD10029FB3E /* ResultsTests.swift */; };
		65E11DEA2126E2F30029FB3E /* ListTests.swift in Sources */ = {isa = PBXBuildFile; fileRef = 65E11DE92126E2F30029FB3E /* ListTests.swift */; };
		65E11DED2127039D0029FB3E /* PredicateFieldTests.swift in Sources */ = {isa = PBXBuildFile; fileRef = 65E11DEC2127039D0029FB3E /* PredicateFieldTests.swift */; };
		914BF26A20409C8900C835D3 /* Dog.swift in Sources */ = {isa = PBXBuildFile; fileRef = 914BF26620409C8900C835D3 /* Dog.swift */; };
		914BF26B20409C8900C835D3 /* Person.swift in Sources */ = {isa = PBXBuildFile; fileRef = 914BF26720409C8900C835D3 /* Person.swift */; };
		CD2A375AB2CACB27A7736E38 /* Pods_PredicateFlow_Tests.framework in Frameworks */ = {isa = PBXBuildFile; fileRef = E6EFA951DB670FD3045A7540 /* Pods_PredicateFlow_Tests.framework */; };
/* End PBXBuildFile section */

/* Begin PBXFileReference section */
		607FACE51AFB9204008FA782 /* PredicateFlow_Tests.xctest */ = {isa = PBXFileReference; explicitFileType = wrapper.cfbundle; includeInIndex = 0; path = PredicateFlow_Tests.xctest; sourceTree = BUILT_PRODUCTS_DIR; };
		607FACEA1AFB9204008FA782 /* Info.plist */ = {isa = PBXFileReference; lastKnownFileType = text.plist.xml; path = Info.plist; sourceTree = "<group>"; };
		652A13772138938C00BB34F7 /* LinkingObjectTests.swift */ = {isa = PBXFileReference; lastKnownFileType = sourcecode.swift; path = LinkingObjectTests.swift; sourceTree = "<group>"; };
		653CC0602215F62B00CFC0A0 /* Test2Object.swift */ = {isa = PBXFileReference; lastKnownFileType = sourcecode.swift; path = Test2Object.swift; sourceTree = "<group>"; };
		6545209E20A3743D005362FD /* PredicateBuilderTests.swift */ = {isa = PBXFileReference; lastKnownFileType = sourcecode.swift; path = PredicateBuilderTests.swift; sourceTree = "<group>"; };
		65849693211C590A00D5119A /* PredicatePropertyTests.swift */ = {isa = PBXFileReference; lastKnownFileType = sourcecode.swift; path = PredicatePropertyTests.swift; sourceTree = "<group>"; };
		65849695211C598C00D5119A /* BasicComparisonQueryTests.swift */ = {isa = PBXFileReference; lastKnownFileType = sourcecode.swift; path = BasicComparisonQueryTests.swift; sourceTree = "<group>"; };
		65849698211C5C6C00D5119A /* StringComparisonQueryTests.swift */ = {isa = PBXFileReference; lastKnownFileType = sourcecode.swift; path = StringComparisonQueryTests.swift; sourceTree = "<group>"; };
		6584969A211C5F0400D5119A /* BoolPredicatePropertyTests.swift */ = {isa = PBXFileReference; lastKnownFileType = sourcecode.swift; path = BoolPredicatePropertyTests.swift; sourceTree = "<group>"; };
		6584969C211C5FE200D5119A /* ObjectPropertyTests.swift */ = {isa = PBXFileReference; lastKnownFileType = sourcecode.swift; path = ObjectPropertyTests.swift; sourceTree = "<group>"; };
		6584969F211C602F00D5119A /* CollectionPropertyTests.swift */ = {isa = PBXFileReference; lastKnownFileType = sourcecode.swift; path = CollectionPropertyTests.swift; sourceTree = "<group>"; };
		658496A1211C618100D5119A /* SubqueryPropertyTests.swift */ = {isa = PBXFileReference; lastKnownFileType = sourcecode.swift; path = SubqueryPropertyTests.swift; sourceTree = "<group>"; };
		65AAA964215C002600DCB3BE /* PredicateFlow.generated.swift */ = {isa = PBXFileReference; fileEncoding = 4; lastKnownFileType = sourcecode.swift; path = PredicateFlow.generated.swift; sourceTree = "<group>"; };
		65E11DDF2126D8880029FB3E /* SortDescriptorTests.swift */ = {isa = PBXFileReference; lastKnownFileType = sourcecode.swift; path = SortDescriptorTests.swift; sourceTree = "<group>"; };
		65E11DE32126D9960029FB3E /* TestObject.swift */ = {isa = PBXFileReference; lastKnownFileType = sourcecode.swift; path = TestObject.swift; sourceTree = "<group>"; };
		65E11DE52126DAAD0029FB3E /* PredicateFlowRealmBaseTests.swift */ = {isa = PBXFileReference; lastKnownFileType = sourcecode.swift; path = PredicateFlowRealmBaseTests.swift; sourceTree = "<group>"; };
		65E11DE72126DDD10029FB3E /* ResultsTests.swift */ = {isa = PBXFileReference; lastKnownFileType = sourcecode.swift; path = ResultsTests.swift; sourceTree = "<group>"; };
		65E11DE92126E2F30029FB3E /* ListTests.swift */ = {isa = PBXFileReference; lastKnownFileType = sourcecode.swift; path = ListTests.swift; sourceTree = "<group>"; };
		65E11DEC2127039D0029FB3E /* PredicateFieldTests.swift */ = {isa = PBXFileReference; lastKnownFileType = sourcecode.swift; path = PredicateFieldTests.swift; sourceTree = "<group>"; };
		66ED4B80FFDC6CD9CC2BD239 /* LICENSE */ = {isa = PBXFileReference; includeInIndex = 1; lastKnownFileType = text; name = LICENSE; path = ../LICENSE; sourceTree = "<group>"; };
		8363EB2C7C79BD597BA70D12 /* Pods-PredicateFlow_Tests.release.xcconfig */ = {isa = PBXFileReference; includeInIndex = 1; lastKnownFileType = text.xcconfig; name = "Pods-PredicateFlow_Tests.release.xcconfig"; path = "Pods/Target Support Files/Pods-PredicateFlow_Tests/Pods-PredicateFlow_Tests.release.xcconfig"; sourceTree = "<group>"; };
		9136718D709513FD27529BBA /* PredicateFlow.podspec */ = {isa = PBXFileReference; includeInIndex = 1; lastKnownFileType = text; name = PredicateFlow.podspec; path = ../PredicateFlow.podspec; sourceTree = "<group>"; xcLanguageSpecificationIdentifier = xcode.lang.ruby; };
		914BF26620409C8900C835D3 /* Dog.swift */ = {isa = PBXFileReference; fileEncoding = 4; lastKnownFileType = sourcecode.swift; path = Dog.swift; sourceTree = "<group>"; };
		914BF26720409C8900C835D3 /* Person.swift */ = {isa = PBXFileReference; fileEncoding = 4; lastKnownFileType = sourcecode.swift; path = Person.swift; sourceTree = "<group>"; };
		960FB04CFB5D025BDD628403 /* Pods-PredicateFlow_Tests.debug.xcconfig */ = {isa = PBXFileReference; includeInIndex = 1; lastKnownFileType = text.xcconfig; name = "Pods-PredicateFlow_Tests.debug.xcconfig"; path = "Pods/Target Support Files/Pods-PredicateFlow_Tests/Pods-PredicateFlow_Tests.debug.xcconfig"; sourceTree = "<group>"; };
		B730494D9ACEEC21FE71C28E /* README.md */ = {isa = PBXFileReference; includeInIndex = 1; lastKnownFileType = net.daringfireball.markdown; name = README.md; path = ../README.md; sourceTree = "<group>"; };
		E6EFA951DB670FD3045A7540 /* Pods_PredicateFlow_Tests.framework */ = {isa = PBXFileReference; explicitFileType = wrapper.framework; includeInIndex = 0; path = Pods_PredicateFlow_Tests.framework; sourceTree = BUILT_PRODUCTS_DIR; };
/* End PBXFileReference section */

/* Begin PBXFrameworksBuildPhase section */
		607FACE21AFB9204008FA782 /* Frameworks */ = {
			isa = PBXFrameworksBuildPhase;
			buildActionMask = 2147483647;
			files = (
				CD2A375AB2CACB27A7736E38 /* Pods_PredicateFlow_Tests.framework in Frameworks */,
			);
			runOnlyForDeploymentPostprocessing = 0;
		};
/* End PBXFrameworksBuildPhase section */

/* Begin PBXGroup section */
		12160E47DD4714315FCACDA2 /* Pods */ = {
			isa = PBXGroup;
			children = (
				960FB04CFB5D025BDD628403 /* Pods-PredicateFlow_Tests.debug.xcconfig */,
				8363EB2C7C79BD597BA70D12 /* Pods-PredicateFlow_Tests.release.xcconfig */,
			);
			name = Pods;
			sourceTree = "<group>";
		};
		46A0ECA93907AF1C66895722 /* Frameworks */ = {
			isa = PBXGroup;
			children = (
				E6EFA951DB670FD3045A7540 /* Pods_PredicateFlow_Tests.framework */,
			);
			name = Frameworks;
			sourceTree = "<group>";
		};
		607FACC71AFB9204008FA782 = {
			isa = PBXGroup;
			children = (
				607FACF51AFB993E008FA782 /* Podspec Metadata */,
				607FACE81AFB9204008FA782 /* Tests */,
				607FACD11AFB9204008FA782 /* Products */,
				12160E47DD4714315FCACDA2 /* Pods */,
				46A0ECA93907AF1C66895722 /* Frameworks */,
			);
			sourceTree = "<group>";
		};
		607FACD11AFB9204008FA782 /* Products */ = {
			isa = PBXGroup;
			children = (
				607FACE51AFB9204008FA782 /* PredicateFlow_Tests.xctest */,
			);
			name = Products;
			sourceTree = "<group>";
		};
		607FACE81AFB9204008FA782 /* Tests */ = {
			isa = PBXGroup;
			children = (
				914BF26320409C7B00C835D3 /* Models */,
				65E11DDD2126D85F0029FB3E /* PredicateFlow */,
				65E11DDE2126D86D0029FB3E /* PredicateFlow-Realm */,
				607FACE91AFB9204008FA782 /* Supporting Files */,
			);
			path = Tests;
			sourceTree = "<group>";
		};
		607FACE91AFB9204008FA782 /* Supporting Files */ = {
			isa = PBXGroup;
			children = (
				607FACEA1AFB9204008FA782 /* Info.plist */,
			);
			name = "Supporting Files";
			sourceTree = "<group>";
		};
		607FACF51AFB993E008FA782 /* Podspec Metadata */ = {
			isa = PBXGroup;
			children = (
				9136718D709513FD27529BBA /* PredicateFlow.podspec */,
				B730494D9ACEEC21FE71C28E /* README.md */,
				66ED4B80FFDC6CD9CC2BD239 /* LICENSE */,
			);
			name = "Podspec Metadata";
			sourceTree = "<group>";
		};
		6584969E211C5FEE00D5119A /* Properties */ = {
			isa = PBXGroup;
			children = (
				6584969A211C5F0400D5119A /* BoolPredicatePropertyTests.swift */,
				6584969F211C602F00D5119A /* CollectionPropertyTests.swift */,
				6584969C211C5FE200D5119A /* ObjectPropertyTests.swift */,
				65849693211C590A00D5119A /* PredicatePropertyTests.swift */,
				658496A1211C618100D5119A /* SubqueryPropertyTests.swift */,
			);
			path = Properties;
			sourceTree = "<group>";
		};
		65E11DDD2126D85F0029FB3E /* PredicateFlow */ = {
			isa = PBXGroup;
			children = (
				6545209E20A3743D005362FD /* PredicateBuilderTests.swift */,
				6584969E211C5FEE00D5119A /* Properties */,
				65E11DEB2127038E0029FB3E /* Utils */,
				65849695211C598C00D5119A /* BasicComparisonQueryTests.swift */,
				65849698211C5C6C00D5119A /* StringComparisonQueryTests.swift */,
			);
			path = PredicateFlow;
			sourceTree = "<group>";
		};
		65E11DDE2126D86D0029FB3E /* PredicateFlow-Realm */ = {
			isa = PBXGroup;
			children = (
				65E11DE52126DAAD0029FB3E /* PredicateFlowRealmBaseTests.swift */,
				65E11DDF2126D8880029FB3E /* SortDescriptorTests.swift */,
				65E11DE72126DDD10029FB3E /* ResultsTests.swift */,
				65E11DE92126E2F30029FB3E /* ListTests.swift */,
				652A13772138938C00BB34F7 /* LinkingObjectTests.swift */,
			);
			path = "PredicateFlow-Realm";
			sourceTree = "<group>";
		};
		65E11DEB2127038E0029FB3E /* Utils */ = {
			isa = PBXGroup;
			children = (
				65E11DEC2127039D0029FB3E /* PredicateFieldTests.swift */,
			);
			path = Utils;
			sourceTree = "<group>";
		};
		914BF26320409C7B00C835D3 /* Models */ = {
			isa = PBXGroup;
			children = (
				65AAA964215C002600DCB3BE /* PredicateFlow.generated.swift */,
				914BF26620409C8900C835D3 /* Dog.swift */,
				914BF26720409C8900C835D3 /* Person.swift */,
				65E11DE32126D9960029FB3E /* TestObject.swift */,
				653CC0602215F62B00CFC0A0 /* Test2Object.swift */,
			);
			path = Models;
			sourceTree = "<group>";
		};
/* End PBXGroup section */

/* Begin PBXNativeTarget section */
		607FACE41AFB9204008FA782 /* PredicateFlow_Tests */ = {
			isa = PBXNativeTarget;
			buildConfigurationList = 607FACF21AFB9204008FA782 /* Build configuration list for PBXNativeTarget "PredicateFlow_Tests" */;
			buildPhases = (
				9A57FEA9A39798F307051D72 /* [CP] Check Pods Manifest.lock */,
				914BF26C20409C9000C835D3 /* PredicateFlow */,
				607FACE11AFB9204008FA782 /* Sources */,
				607FACE21AFB9204008FA782 /* Frameworks */,
				607FACE31AFB9204008FA782 /* Resources */,
				ABDF89908944533FE44B68A8 /* [CP] Embed Pods Frameworks */,
			);
			buildRules = (
			);
			dependencies = (
			);
			name = PredicateFlow_Tests;
			productName = Tests;
			productReference = 607FACE51AFB9204008FA782 /* PredicateFlow_Tests.xctest */;
			productType = "com.apple.product-type.bundle.unit-test";
		};
/* End PBXNativeTarget section */

/* Begin PBXProject section */
		607FACC81AFB9204008FA782 /* Project object */ = {
			isa = PBXProject;
			attributes = {
				LastSwiftUpdateCheck = 0830;
				LastUpgradeCheck = 1020;
				ORGANIZATIONNAME = CocoaPods;
				TargetAttributes = {
					607FACE41AFB9204008FA782 = {
						CreatedOnToolsVersion = 6.3.1;
						DevelopmentTeam = MBHU4L699G;
						LastSwiftMigration = 1020;
						TestTargetID = 607FACCF1AFB9204008FA782;
					};
				};
			};
			buildConfigurationList = 607FACCB1AFB9204008FA782 /* Build configuration list for PBXProject "PredicateFlow" */;
			compatibilityVersion = "Xcode 3.2";
			developmentRegion = en;
			hasScannedForEncodings = 0;
			knownRegions = (
				en,
				Base,
			);
			mainGroup = 607FACC71AFB9204008FA782;
			productRefGroup = 607FACD11AFB9204008FA782 /* Products */;
			projectDirPath = "";
			projectRoot = "";
			targets = (
				607FACE41AFB9204008FA782 /* PredicateFlow_Tests */,
			);
		};
/* End PBXProject section */

/* Begin PBXResourcesBuildPhase section */
		607FACE31AFB9204008FA782 /* Resources */ = {
			isa = PBXResourcesBuildPhase;
			buildActionMask = 2147483647;
			files = (
			);
			runOnlyForDeploymentPostprocessing = 0;
		};
/* End PBXResourcesBuildPhase section */

/* Begin PBXShellScriptBuildPhase section */
		914BF26C20409C9000C835D3 /* PredicateFlow */ = {
			isa = PBXShellScriptBuildPhase;
			buildActionMask = 2147483647;
			files = (
			);
			inputPaths = (
			);
			name = PredicateFlow;
			outputPaths = (
				$SRCROOT/Tests/Models/PredicateFlow.generated.swift,
			);
			runOnlyForDeploymentPostprocessing = 0;
			shellPath = /bin/sh;
			shellScript = "\"$PODS_ROOT/Sourcery/bin/sourcery\" --sources \"$SRCROOT/Tests\" --sources \"$PODS_ROOT/RealmSwift\" --templates \"$SRCROOT/Tests/PredicateFlow-Realm.stencil\" --output \"$SRCROOT/Tests/Models/PredicateFlow.generated.swift\" --disableCache\n";
		};
		9A57FEA9A39798F307051D72 /* [CP] Check Pods Manifest.lock */ = {
			isa = PBXShellScriptBuildPhase;
			buildActionMask = 2147483647;
			files = (
			);
			inputPaths = (
				"${PODS_PODFILE_DIR_PATH}/Podfile.lock",
				"${PODS_ROOT}/Manifest.lock",
			);
			name = "[CP] Check Pods Manifest.lock";
			outputPaths = (
				"$(DERIVED_FILE_DIR)/Pods-PredicateFlow_Tests-checkManifestLockResult.txt",
			);
			runOnlyForDeploymentPostprocessing = 0;
			shellPath = /bin/sh;
			shellScript = "diff \"${PODS_PODFILE_DIR_PATH}/Podfile.lock\" \"${PODS_ROOT}/Manifest.lock\" > /dev/null\nif [ $? != 0 ] ; then\n    # print error to STDERR\n    echo \"error: The sandbox is not in sync with the Podfile.lock. Run 'pod install' or update your CocoaPods installation.\" >&2\n    exit 1\nfi\n# This output is used by Xcode 'outputs' to avoid re-running this script phase.\necho \"SUCCESS\" > \"${SCRIPT_OUTPUT_FILE_0}\"\n";
			showEnvVarsInLog = 0;
		};
		ABDF89908944533FE44B68A8 /* [CP] Embed Pods Frameworks */ = {
			isa = PBXShellScriptBuildPhase;
			buildActionMask = 2147483647;
			files = (
			);
			inputPaths = (
				"${PODS_ROOT}/Target Support Files/Pods-PredicateFlow_Tests/Pods-PredicateFlow_Tests-frameworks.sh",
				"${BUILT_PRODUCTS_DIR}/PredicateFlow/PredicateFlow.framework",
				"${BUILT_PRODUCTS_DIR}/Realm/Realm.framework",
				"${BUILT_PRODUCTS_DIR}/RealmSwift/RealmSwift.framework",
			);
			name = "[CP] Embed Pods Frameworks";
			outputPaths = (
				"${TARGET_BUILD_DIR}/${FRAMEWORKS_FOLDER_PATH}/PredicateFlow.framework",
				"${TARGET_BUILD_DIR}/${FRAMEWORKS_FOLDER_PATH}/Realm.framework",
				"${TARGET_BUILD_DIR}/${FRAMEWORKS_FOLDER_PATH}/RealmSwift.framework",
			);
			runOnlyForDeploymentPostprocessing = 0;
			shellPath = /bin/sh;
			shellScript = "\"${PODS_ROOT}/Target Support Files/Pods-PredicateFlow_Tests/Pods-PredicateFlow_Tests-frameworks.sh\"\n";
			showEnvVarsInLog = 0;
		};
/* End PBXShellScriptBuildPhase section */

/* Begin PBXSourcesBuildPhase section */
		607FACE11AFB9204008FA782 /* Sources */ = {
			isa = PBXSourcesBuildPhase;
			buildActionMask = 2147483647;
			files = (
				65AAA965215C002700DCB3BE /* PredicateFlow.generated.swift in Sources */,
				914BF26B20409C8900C835D3 /* Person.swift in Sources */,
				65E11DE02126D8880029FB3E /* SortDescriptorTests.swift in Sources */,
				6584969D211C5FE200D5119A /* ObjectPropertyTests.swift in Sources */,
				65E11DE82126DDD10029FB3E /* ResultsTests.swift in Sources */,
				653CC0612215F62B00CFC0A0 /* Test2Object.swift in Sources */,
				65849696211C598C00D5119A /* BasicComparisonQueryTests.swift in Sources */,
				65849699211C5C6C00D5119A /* StringComparisonQueryTests.swift in Sources */,
				914BF26A20409C8900C835D3 /* Dog.swift in Sources */,
				65E11DED2127039D0029FB3E /* PredicateFieldTests.swift in Sources */,
				658496A0211C602F00D5119A /* CollectionPropertyTests.swift in Sources */,
				65E11DEA2126E2F30029FB3E /* ListTests.swift in Sources */,
				65E11DE62126DAAD0029FB3E /* PredicateFlowRealmBaseTests.swift in Sources */,
				65E11DE42126D9960029FB3E /* TestObject.swift in Sources */,
				65849694211C590A00D5119A /* PredicatePropertyTests.swift in Sources */,
				6545209F20A3743D005362FD /* PredicateBuilderTests.swift in Sources */,
				658496A2211C618100D5119A /* SubqueryPropertyTests.swift in Sources */,
				6584969B211C5F0400D5119A /* BoolPredicatePropertyTests.swift in Sources */,
				652A13782138938C00BB34F7 /* LinkingObjectTests.swift in Sources */,
			);
			runOnlyForDeploymentPostprocessing = 0;
		};
/* End PBXSourcesBuildPhase section */

/* Begin XCBuildConfiguration section */
		607FACED1AFB9204008FA782 /* Debug */ = {
			isa = XCBuildConfiguration;
			buildSettings = {
				ALWAYS_SEARCH_USER_PATHS = NO;
				CLANG_ANALYZER_LOCALIZABILITY_NONLOCALIZED = YES;
				CLANG_CXX_LANGUAGE_STANDARD = "gnu++0x";
				CLANG_CXX_LIBRARY = "libc++";
				CLANG_ENABLE_MODULES = YES;
				CLANG_ENABLE_OBJC_ARC = YES;
				CLANG_WARN_BLOCK_CAPTURE_AUTORELEASING = YES;
				CLANG_WARN_BOOL_CONVERSION = YES;
				CLANG_WARN_COMMA = YES;
				CLANG_WARN_CONSTANT_CONVERSION = YES;
				CLANG_WARN_DEPRECATED_OBJC_IMPLEMENTATIONS = YES;
				CLANG_WARN_DIRECT_OBJC_ISA_USAGE = YES_ERROR;
				CLANG_WARN_EMPTY_BODY = YES;
				CLANG_WARN_ENUM_CONVERSION = YES;
				CLANG_WARN_INFINITE_RECURSION = YES;
				CLANG_WARN_INT_CONVERSION = YES;
				CLANG_WARN_NON_LITERAL_NULL_CONVERSION = YES;
				CLANG_WARN_OBJC_IMPLICIT_RETAIN_SELF = YES;
				CLANG_WARN_OBJC_LITERAL_CONVERSION = YES;
				CLANG_WARN_OBJC_ROOT_CLASS = YES_ERROR;
				CLANG_WARN_RANGE_LOOP_ANALYSIS = YES;
				CLANG_WARN_STRICT_PROTOTYPES = YES;
				CLANG_WARN_SUSPICIOUS_MOVE = YES;
				CLANG_WARN_UNREACHABLE_CODE = YES;
				CLANG_WARN__DUPLICATE_METHOD_MATCH = YES;
				"CODE_SIGN_IDENTITY[sdk=iphoneos*]" = "iPhone Developer";
				COPY_PHASE_STRIP = NO;
				DEBUG_INFORMATION_FORMAT = "dwarf-with-dsym";
				ENABLE_STRICT_OBJC_MSGSEND = YES;
				ENABLE_TESTABILITY = YES;
				GCC_C_LANGUAGE_STANDARD = gnu99;
				GCC_DYNAMIC_NO_PIC = NO;
				GCC_NO_COMMON_BLOCKS = YES;
				GCC_OPTIMIZATION_LEVEL = 0;
				GCC_PREPROCESSOR_DEFINITIONS = (
					"DEBUG=1",
					"$(inherited)",
				);
				GCC_SYMBOLS_PRIVATE_EXTERN = NO;
				GCC_WARN_64_TO_32_BIT_CONVERSION = YES;
				GCC_WARN_ABOUT_RETURN_TYPE = YES_ERROR;
				GCC_WARN_UNDECLARED_SELECTOR = YES;
				GCC_WARN_UNINITIALIZED_AUTOS = YES_AGGRESSIVE;
				GCC_WARN_UNUSED_FUNCTION = YES;
				GCC_WARN_UNUSED_VARIABLE = YES;
				IPHONEOS_DEPLOYMENT_TARGET = 9.3;
				MTL_ENABLE_DEBUG_INFO = YES;
				ONLY_ACTIVE_ARCH = YES;
				SDKROOT = iphoneos;
				SWIFT_OPTIMIZATION_LEVEL = "-Onone";
				SWIFT_VERSION = 4.2;
			};
			name = Debug;
		};
		607FACEE1AFB9204008FA782 /* Release */ = {
			isa = XCBuildConfiguration;
			buildSettings = {
				ALWAYS_SEARCH_USER_PATHS = NO;
				CLANG_ANALYZER_LOCALIZABILITY_NONLOCALIZED = YES;
				CLANG_CXX_LANGUAGE_STANDARD = "gnu++0x";
				CLANG_CXX_LIBRARY = "libc++";
				CLANG_ENABLE_MODULES = YES;
				CLANG_ENABLE_OBJC_ARC = YES;
				CLANG_WARN_BLOCK_CAPTURE_AUTORELEASING = YES;
				CLANG_WARN_BOOL_CONVERSION = YES;
				CLANG_WARN_COMMA = YES;
				CLANG_WARN_CONSTANT_CONVERSION = YES;
				CLANG_WARN_DEPRECATED_OBJC_IMPLEMENTATIONS = YES;
				CLANG_WARN_DIRECT_OBJC_ISA_USAGE = YES_ERROR;
				CLANG_WARN_EMPTY_BODY = YES;
				CLANG_WARN_ENUM_CONVERSION = YES;
				CLANG_WARN_INFINITE_RECURSION = YES;
				CLANG_WARN_INT_CONVERSION = YES;
				CLANG_WARN_NON_LITERAL_NULL_CONVERSION = YES;
				CLANG_WARN_OBJC_IMPLICIT_RETAIN_SELF = YES;
				CLANG_WARN_OBJC_LITERAL_CONVERSION = YES;
				CLANG_WARN_OBJC_ROOT_CLASS = YES_ERROR;
				CLANG_WARN_RANGE_LOOP_ANALYSIS = YES;
				CLANG_WARN_STRICT_PROTOTYPES = YES;
				CLANG_WARN_SUSPICIOUS_MOVE = YES;
				CLANG_WARN_UNREACHABLE_CODE = YES;
				CLANG_WARN__DUPLICATE_METHOD_MATCH = YES;
				"CODE_SIGN_IDENTITY[sdk=iphoneos*]" = "iPhone Developer";
				COPY_PHASE_STRIP = NO;
				DEBUG_INFORMATION_FORMAT = "dwarf-with-dsym";
				ENABLE_NS_ASSERTIONS = NO;
				ENABLE_STRICT_OBJC_MSGSEND = YES;
				GCC_C_LANGUAGE_STANDARD = gnu99;
				GCC_NO_COMMON_BLOCKS = YES;
				GCC_WARN_64_TO_32_BIT_CONVERSION = YES;
				GCC_WARN_ABOUT_RETURN_TYPE = YES_ERROR;
				GCC_WARN_UNDECLARED_SELECTOR = YES;
				GCC_WARN_UNINITIALIZED_AUTOS = YES_AGGRESSIVE;
				GCC_WARN_UNUSED_FUNCTION = YES;
				GCC_WARN_UNUSED_VARIABLE = YES;
				IPHONEOS_DEPLOYMENT_TARGET = 9.3;
				MTL_ENABLE_DEBUG_INFO = NO;
				SDKROOT = iphoneos;
				SWIFT_OPTIMIZATION_LEVEL = "-Owholemodule";
				SWIFT_VERSION = 4.2;
				VALIDATE_PRODUCT = YES;
			};
			name = Release;
		};
		607FACF31AFB9204008FA782 /* Debug */ = {
			isa = XCBuildConfiguration;
			baseConfigurationReference = 960FB04CFB5D025BDD628403 /* Pods-PredicateFlow_Tests.debug.xcconfig */;
			buildSettings = {
				DEVELOPMENT_TEAM = MBHU4L699G;
				FRAMEWORK_SEARCH_PATHS = (
					"$(SDKROOT)/Developer/Library/Frameworks",
					"$(inherited)",
				);
				GCC_PREPROCESSOR_DEFINITIONS = (
					"DEBUG=1",
					"$(inherited)",
				);
				INFOPLIST_FILE = Tests/Info.plist;
				LD_RUNPATH_SEARCH_PATHS = "$(inherited) @executable_path/Frameworks @loader_path/Frameworks";
				PRODUCT_BUNDLE_IDENTIFIER = "org.cocoapods.$(PRODUCT_NAME:rfc1034identifier)";
				PRODUCT_NAME = "$(TARGET_NAME)";
				SWIFT_VERSION = 5.0;
			};
			name = Debug;
		};
		607FACF41AFB9204008FA782 /* Release */ = {
			isa = XCBuildConfiguration;
			baseConfigurationReference = 8363EB2C7C79BD597BA70D12 /* Pods-PredicateFlow_Tests.release.xcconfig */;
			buildSettings = {
				DEVELOPMENT_TEAM = MBHU4L699G;
				FRAMEWORK_SEARCH_PATHS = (
					"$(SDKROOT)/Developer/Library/Frameworks",
					"$(inherited)",
				);
				INFOPLIST_FILE = Tests/Info.plist;
				LD_RUNPATH_SEARCH_PATHS = "$(inherited) @executable_path/Frameworks @loader_path/Frameworks";
				PRODUCT_BUNDLE_IDENTIFIER = "org.cocoapods.$(PRODUCT_NAME:rfc1034identifier)";
				PRODUCT_NAME = "$(TARGET_NAME)";
				SWIFT_VERSION = 5.0;
			};
			name = Release;
		};
/* End XCBuildConfiguration section */

/* Begin XCConfigurationList section */
		607FACCB1AFB9204008FA782 /* Build configuration list for PBXProject "PredicateFlow" */ = {
			isa = XCConfigurationList;
			buildConfigurations = (
				607FACED1AFB9204008FA782 /* Debug */,
				607FACEE1AFB9204008FA782 /* Release */,
			);
			defaultConfigurationIsVisible = 0;
			defaultConfigurationName = Release;
		};
		607FACF21AFB9204008FA782 /* Build configuration list for PBXNativeTarget "PredicateFlow_Tests" */ = {
			isa = XCConfigurationList;
			buildConfigurations = (
				607FACF31AFB9204008FA782 /* Debug */,
				607FACF41AFB9204008FA782 /* Release */,
			);
			defaultConfigurationIsVisible = 0;
			defaultConfigurationName = Release;
		};
/* End XCConfigurationList section */
	};
	rootObject = 607FACC81AFB9204008FA782 /* Project object */;
}
