<?xml version="1.0" encoding="UTF-8"?>
<Scheme
   LastUpgradeVersion = "1020"
   version = "1.7">
   <BuildAction
      parallelizeBuildables = "YES"
      buildImplicitDependencies = "YES">
      <PreActions>
         <ExecutionAction
            ActionType = "Xcode.IDEStandardExecutionActionsCore.ExecutionActionType.ShellScriptAction">
            <ActionContent
               title = "Run Script"
               scriptText = "# clean old files&#10;rm &quot;$SRCROOT/Tests/PredicateFlow.stencil&quot;&#10;rm &quot;$SRCROOT/Tests/PredicateFlow-Realm.stencil&quot;&#10;rm &quot;$SRCROOT/Tests/PredicateSchema.swift&quot;&#10;&#10;# clean old generated files&#10;rm &quot;$SRCROOT/Tests/Models/PredicateFlow.generated.swift&quot;&#10;&#10;# copy files&#10;cp &quot;$SRCROOT/../PredicateFlow/Templates/PredicateFlow.stencil&quot; &quot;$SRCROOT/Tests&quot;&#10;cp &quot;$SRCROOT/../PredicateFlow/Templates/PredicateFlow-Realm.stencil&quot; &quot;$SRCROOT/Tests&quot;&#10;cp &quot;$SRCROOT/../PredicateFlow/Classes/Utils/PredicateSchema.swift&quot; &quot;$SRCROOT/Tests&quot;&#10;pe a script or drag a script file from your workspace to insert its path.&#10;">
               <EnvironmentBuildable>
                  <BuildableReference
                     BuildableIdentifier = "primary"
                     BlueprintIdentifier = "607FACE41AFB9204008FA782"
                     BuildableName = "PredicateFlow_Tests.xctest"
                     BlueprintName = "PredicateFlow_Tests"
                     ReferencedContainer = "container:PredicateFlow.xcodeproj">
                  </BuildableReference>
               </EnvironmentBuildable>
            </ActionContent>
         </ExecutionAction>
      </PreActions>
      <BuildActionEntries>
         <BuildActionEntry
            buildForTesting = "YES"
            buildForRunning = "YES"
            buildForProfiling = "YES"
            buildForArchiving = "YES"
            buildForAnalyzing = "YES">
            <BuildableReference
               BuildableIdentifier = "primary"
               BlueprintIdentifier = "607FACCF1AFB9204008FA782"
               BuildableName = "PredicateFlow_Example.app"
               BlueprintName = "PredicateFlow_Example"
               ReferencedContainer = "container:PredicateFlow.xcodeproj">
            </BuildableReference>
         </BuildActionEntry>
         <BuildActionEntry
            buildForTesting = "YES"
            buildForRunning = "YES"
            buildForProfiling = "NO"
            buildForArchiving = "NO"
            buildForAnalyzing = "YES">
            <BuildableReference
               BuildableIdentifier = "primary"
               BlueprintIdentifier = "607FACE41AFB9204008FA782"
               BuildableName = "PredicateFlow_Tests.xctest"
               BlueprintName = "PredicateFlow_Tests"
               ReferencedContainer = "container:PredicateFlow.xcodeproj">
            </BuildableReference>
         </BuildActionEntry>
      </BuildActionEntries>
   </BuildAction>
   <TestAction
      buildConfiguration = "Debug"
      selectedDebuggerIdentifier = "Xcode.DebuggerFoundation.Debugger.LLDB"
      selectedLauncherIdentifier = "Xcode.DebuggerFoundation.Launcher.LLDB"
      codeCoverageEnabled = "YES"
      onlyGenerateCoverageForSpecifiedTargets = "YES"
      shouldUseLaunchSchemeArgsEnv = "YES">
      <CodeCoverageTargets>
         <BuildableReference
            BuildableIdentifier = "primary"
            BlueprintIdentifier = "50A0BE552C35FEAE874C8444D1C2DF92"
            BuildableName = "PredicateFlow.framework"
            BlueprintName = "PredicateFlow"
            ReferencedContainer = "container:Pods/Pods.xcodeproj">
         </BuildableReference>
      </CodeCoverageTargets>
      <Testables>
         <TestableReference
            skipped = "NO">
            <BuildableReference
               BuildableIdentifier = "primary"
               BlueprintIdentifier = "607FACE41AFB9204008FA782"
               BuildableName = "PredicateFlow_Tests.xctest"
               BlueprintName = "PredicateFlow_Tests"
               ReferencedContainer = "container:PredicateFlow.xcodeproj">
            </BuildableReference>
         </TestableReference>
      </Testables>
      <MacroExpansion>
         <BuildableReference
            BuildableIdentifier = "primary"
            BlueprintIdentifier = "607FACCF1AFB9204008FA782"
            BuildableName = "PredicateFlow_Example.app"
            BlueprintName = "PredicateFlow_Example"
            ReferencedContainer = "container:PredicateFlow.xcodeproj">
         </BuildableReference>
      </MacroExpansion>
      <AdditionalOptions>
      </AdditionalOptions>
   </TestAction>
   <LaunchAction
      buildConfiguration = "Debug"
      selectedDebuggerIdentifier = "Xcode.DebuggerFoundation.Debugger.LLDB"
      selectedLauncherIdentifier = "Xcode.DebuggerFoundation.Launcher.LLDB"
      launchStyle = "0"
      useCustomWorkingDirectory = "NO"
      ignoresPersistentStateOnLaunch = "NO"
      debugDocumentVersioning = "YES"
      debugServiceExtension = "internal"
      allowLocationSimulation = "YES">
      <BuildableProductRunnable
         runnableDebuggingMode = "0">
         <BuildableReference
            BuildableIdentifier = "primary"
            BlueprintIdentifier = "607FACCF1AFB9204008FA782"
            BuildableName = "PredicateFlow_Example.app"
            BlueprintName = "PredicateFlow_Example"
            ReferencedContainer = "container:PredicateFlow.xcodeproj">
         </BuildableReference>
      </BuildableProductRunnable>
      <AdditionalOptions>
      </AdditionalOptions>
   </LaunchAction>
   <ProfileAction
      buildConfiguration = "Release"
      shouldUseLaunchSchemeArgsEnv = "YES"
      savedToolIdentifier = ""
      useCustomWorkingDirectory = "NO"
      debugDocumentVersioning = "YES">
      <BuildableProductRunnable
         runnableDebuggingMode = "0">
         <BuildableReference
            BuildableIdentifier = "primary"
            BlueprintIdentifier = "607FACCF1AFB9204008FA782"
            BuildableName = "PredicateFlow_Example.app"
            BlueprintName = "PredicateFlow_Example"
            ReferencedContainer = "container:PredicateFlow.xcodeproj">
         </BuildableReference>
      </BuildableProductRunnable>
   </ProfileAction>
   <AnalyzeAction
      buildConfiguration = "Debug">
   </AnalyzeAction>
   <ArchiveAction
      buildConfiguration = "Release"
      revealArchiveInOrganizer = "YES">
   </ArchiveAction>
</Scheme>
